
Microsoft Visual Studio Solution File, Format Version 12.00
# Visual Studio 15
VisualStudioVersion = 15.0.27703.2026
MinimumVisualStudioVersion = 10.0.40219.1
Project("{FAE04EC0-301F-11D3-BF4B-00C04F79EFBC}") = "WebService", "WebService\WebService.csproj", "{FD07DD8E-4C64-4DEA-9B8E-16D8356BD146}"
EndProject
Project("{FAE04EC0-301F-11D3-BF4B-00C04F79EFBC}") = "DataModel", "DataModel\DataModel.csproj", "{F45A6201-1B45-427B-94B6-59B2E853EF5A}"
EndProject
Global
	GlobalSection(SolutionConfigurationPlatforms) = preSolution
		Debug|Any CPU = Debug|Any CPU
		Release|Any CPU = Release|Any CPU
	EndGlobalSection
	GlobalSection(ProjectConfigurationPlatforms) = postSolution
		{FD07DD8E-4C64-4DEA-9B8E-16D8356BD146}.Debug|Any CPU.ActiveCfg = Debug|Any CPU
		{FD07DD8E-4C64-4DEA-9B8E-16D8356BD146}.Debug|Any CPU.Build.0 = Debug|Any CPU
		{FD07DD8E-4C64-4DEA-9B8E-16D8356BD146}.Release|Any CPU.ActiveCfg = Release|Any CPU
		{FD07DD8E-4C64-4DEA-9B8E-16D8356BD146}.Release|Any CPU.Build.0 = Release|Any CPU
		{F45A6201-1B45-427B-94B6-59B2E853EF5A}.Debug|Any CPU.ActiveCfg = Debug|Any CPU
		{F45A6201-1B45-427B-94B6-59B2E853EF5A}.Debug|Any CPU.Build.0 = Debug|Any CPU
		{F45A6201-1B45-427B-94B6-59B2E853EF5A}.Release|Any CPU.ActiveCfg = Release|Any CPU
		{F45A6201-1B45-427B-94B6-59B2E853EF5A}.Release|Any CPU.Build.0 = Release|Any CPU
	EndGlobalSection
	GlobalSection(SolutionProperties) = preSolution
		HideSolutionNode = FALSE
	EndGlobalSection
	GlobalSection(ExtensibilityGlobals) = postSolution
		SolutionGuid = {4E2F2E35-83C4-4E4C-B278-AC117E454222}
	EndGlobalSection
EndGlobal
